<Solution>
  <Folder Name="/src/">
    <Project Path="src/CopilotKitAuthE2e.AgentService/CopilotKitAuthE2e.AgentService.csproj" />
    <Project Path="src/CopilotKitAuthE2e.AppHost/CopilotKitAuthE2e.AppHost.csproj" />
    <Project Path="src/CopilotKitAuthE2e.ServiceDefaults/CopilotKitAuthE2e.ServiceDefaults.csproj" />
  </Folder>
</Solution>
